
Microsoft Visual Studio Solution File, Format Version 12.00
# Visual Studio Version 17
VisualStudioVersion = 17.2.32422.2
MinimumVisualStudioVersion = 10.0.40219.1
Project("{FAE04EC0-301F-11D3-BF4B-00C04F79EFBC}") = "MtankersleyDemo2UC", "MtankersleyDemo2UC.csproj", "{C7A0EB04-544D-401B-AB66-2B830BEB071E}"
EndProject
Global
	GlobalSection(SolutionConfigurationPlatforms) = preSolution
		Debug|Any CPU = Debug|Any CPU
		Release|Any CPU = Release|Any CPU
	EndGlobalSection
	GlobalSection(ProjectConfigurationPlatforms) = postSolution
		{C7A0EB04-544D-401B-AB66-2B830BEB071E}.Debug|Any CPU.ActiveCfg = Debug|Any CPU
		{C7A0EB04-544D-401B-AB66-2B830BEB071E}.Debug|Any CPU.Build.0 = Debug|Any CPU
		{C7A0EB04-544D-401B-AB66-2B830BEB071E}.Release|Any CPU.ActiveCfg = Release|Any CPU
		{C7A0EB04-544D-401B-AB66-2B830BEB071E}.Release|Any CPU.Build.0 = Release|Any CPU
	EndGlobalSection
	GlobalSection(SolutionProperties) = preSolution
		HideSolutionNode = FALSE
	EndGlobalSection
	GlobalSection(ExtensibilityGlobals) = postSolution
		SolutionGuid = {04AFBE8A-1B4C-4F4B-8D34-5F0A1BF246B6}
	EndGlobalSection
EndGlobal
